
Microsoft Visual Studio Solution File, Format Version 12.00
# Visual Studio Version 17
VisualStudioVersion = 17.0.31903.59
MinimumVisualStudioVersion = 10.0.40219.1
Project("{9A19103F-16F7-4668-BE54-9A1E7A4F7556}") = "MB.Core", "MB.Core\MB.Core.csproj", "{84178F09-AE10-4AAF-B711-9E92C2317573}"
EndProject
Project("{9A19103F-16F7-4668-BE54-9A1E7A4F7556}") = "MB.Application", "MB.Application\MB.Application.csproj", "{1908F5DD-8D4F-4716-898D-89BA147E6FB8}"
EndProject
Project("{9A19103F-16F7-4668-BE54-9A1E7A4F7556}") = "MB.Data", "MB.Data\MB.Data.csproj", "{2789B3ED-26D0-4720-951A-A28A6C4CFFB9}"
EndProject
Project("{9A19103F-16F7-4668-BE54-9A1E7A4F7556}") = "MB.Domain", "MB.Domain\MB.Domain.csproj", "{8050B8DB-A14F-410C-AEEC-9BB5FBB21881}"
EndProject
Project("{FAE04EC0-301F-11D3-BF4B-00C04F79EFBC}") = "MB.API", "MB.API\MB.API.csproj", "{F202909B-7CD6-430C-96F4-8011491D53F5}"
EndProject
Global
	GlobalSection(SolutionConfigurationPlatforms) = preSolution
		Debug|Any CPU = Debug|Any CPU
		Release|Any CPU = Release|Any CPU
	EndGlobalSection
	GlobalSection(ProjectConfigurationPlatforms) = postSolution
		{84178F09-AE10-4AAF-B711-9E92C2317573}.Debug|Any CPU.ActiveCfg = Debug|Any CPU
		{84178F09-AE10-4AAF-B711-9E92C2317573}.Debug|Any CPU.Build.0 = Debug|Any CPU
		{84178F09-AE10-4AAF-B711-9E92C2317573}.Release|Any CPU.ActiveCfg = Release|Any CPU
		{84178F09-AE10-4AAF-B711-9E92C2317573}.Release|Any CPU.Build.0 = Release|Any CPU
		{1908F5DD-8D4F-4716-898D-89BA147E6FB8}.Debug|Any CPU.ActiveCfg = Debug|Any CPU
		{1908F5DD-8D4F-4716-898D-89BA147E6FB8}.Debug|Any CPU.Build.0 = Debug|Any CPU
		{1908F5DD-8D4F-4716-898D-89BA147E6FB8}.Release|Any CPU.ActiveCfg = Release|Any CPU
		{1908F5DD-8D4F-4716-898D-89BA147E6FB8}.Release|Any CPU.Build.0 = Release|Any CPU
		{2789B3ED-26D0-4720-951A-A28A6C4CFFB9}.Debug|Any CPU.ActiveCfg = Debug|Any CPU
		{2789B3ED-26D0-4720-951A-A28A6C4CFFB9}.Debug|Any CPU.Build.0 = Debug|Any CPU
		{2789B3ED-26D0-4720-951A-A28A6C4CFFB9}.Release|Any CPU.ActiveCfg = Release|Any CPU
		{2789B3ED-26D0-4720-951A-A28A6C4CFFB9}.Release|Any CPU.Build.0 = Release|Any CPU
		{8050B8DB-A14F-410C-AEEC-9BB5FBB21881}.Debug|Any CPU.ActiveCfg = Debug|Any CPU
		{8050B8DB-A14F-410C-AEEC-9BB5FBB21881}.Debug|Any CPU.Build.0 = Debug|Any CPU
		{8050B8DB-A14F-410C-AEEC-9BB5FBB21881}.Release|Any CPU.ActiveCfg = Release|Any CPU
		{8050B8DB-A14F-410C-AEEC-9BB5FBB21881}.Release|Any CPU.Build.0 = Release|Any CPU
		{F202909B-7CD6-430C-96F4-8011491D53F5}.Debug|Any CPU.ActiveCfg = Debug|Any CPU
		{F202909B-7CD6-430C-96F4-8011491D53F5}.Debug|Any CPU.Build.0 = Debug|Any CPU
		{F202909B-7CD6-430C-96F4-8011491D53F5}.Release|Any CPU.ActiveCfg = Release|Any CPU
		{F202909B-7CD6-430C-96F4-8011491D53F5}.Release|Any CPU.Build.0 = Release|Any CPU
	EndGlobalSection
	GlobalSection(SolutionProperties) = preSolution
		HideSolutionNode = FALSE
	EndGlobalSection
	GlobalSection(ExtensibilityGlobals) = postSolution
		SolutionGuid = {0722AE4A-5D6B-4732-8F03-DF6926A7789F}
	EndGlobalSection
EndGlobal
